
Microsoft Visual Studio Solution File, Format Version 12.00
# Visual Studio 14
VisualStudioVersion = 14.0.25420.1
MinimumVisualStudioVersion = 10.0.40219.1
Project("{2150E333-8FDC-42A3-9474-1A3956D46DE8}") = "src", "src", "{E039D1CF-1C6B-4C02-96BD-E64CCB921A78}"
EndProject
Project("{2150E333-8FDC-42A3-9474-1A3956D46DE8}") = "Solution Items", "Solution Items", "{6DEDEFA6-03D5-4310-AB45-E2ACF4846329}"
	ProjectSection(SolutionItems) = preProject
		global.json = global.json
		..\LICENSE = ..\LICENSE
		..\README.md = ..\README.md
	EndProjectSection
EndProject
Project("{8BB2217D-0F2D-49D1-97BC-3654ED321F3B}") = "SwashApi", "src\SwashApi\SwashApi.xproj", "{05E90D61-8BE9-4F96-A632-A46C6EA0C41B}"
EndProject
Global
	GlobalSection(SolutionConfigurationPlatforms) = preSolution
		Debug|Any CPU = Debug|Any CPU
		Release|Any CPU = Release|Any CPU
	EndGlobalSection
	GlobalSection(ProjectConfigurationPlatforms) = postSolution
		{05E90D61-8BE9-4F96-A632-A46C6EA0C41B}.Debug|Any CPU.ActiveCfg = Debug|Any CPU
		{05E90D61-8BE9-4F96-A632-A46C6EA0C41B}.Debug|Any CPU.Build.0 = Debug|Any CPU
		{05E90D61-8BE9-4F96-A632-A46C6EA0C41B}.Release|Any CPU.ActiveCfg = Release|Any CPU
		{05E90D61-8BE9-4F96-A632-A46C6EA0C41B}.Release|Any CPU.Build.0 = Release|Any CPU
	EndGlobalSection
	GlobalSection(SolutionProperties) = preSolution
		HideSolutionNode = FALSE
	EndGlobalSection
	GlobalSection(NestedProjects) = preSolution
		{05E90D61-8BE9-4F96-A632-A46C6EA0C41B} = {E039D1CF-1C6B-4C02-96BD-E64CCB921A78}
	EndGlobalSection
EndGlobal
